{
  "name": "project-service",
  "lockfileVersion": 3,
  "requires": true,
  "packages": {
    "": {
      "dependencies": {
        "jakarta": "^0.0.1"
      }
    },
    "node_modules/jakarta": {
      "version": "0.0.1",
      "resolved": "https://registry.npmjs.org/jakarta/-/jakarta-0.0.1.tgz",
      "integrity": "sha512-4YhbZ8zgjATfpCAqu8dU9Z7h0RHrea8GFv6Lw3uWLxMPFdxPkgm5Re9dcll85U45gPBAM6jXaP3X4geryJ2Ozw=="
    }
  }
}
